PODS:
  - ScanzyBarcodeScannerSDK (0.0.6)

DEPENDENCIES:
  - ScanzyBarcodeScannerSDK (~> 0.0.6)

SPEC REPOS:
  trunk:
    - ScanzyBarcodeScannerSDK

SPEC CHECKSUMS:
  ScanzyBarcodeScannerSDK: 20bd7a38f2e226482efc6ce674b6033330c77e52

PODFILE CHECKSUM: 247827073ae5d2b1d24e94e02cc64450fb81a3dc

COCOAPODS: 1.11.3
